
Microsoft Visual Studio Solution File, Format Version 12.00
# Visual Studio Version 17
VisualStudioVersion = 17.9.34714.143
MinimumVisualStudioVersion = 10.0.40219.1
Project("{FAE04EC0-301F-11D3-BF4B-00C04F79EFBC}") = "Nhemiu", "Nhemiu\Nhemiu.csproj", "{5388E668-409D-4974-83BC-F37A3477597D}"
EndProject
Global
	GlobalSection(SolutionConfigurationPlatforms) = preSolution
		Debug|Any CPU = Debug|Any CPU
		Release|Any CPU = Release|Any CPU
	EndGlobalSection
	GlobalSection(ProjectConfigurationPlatforms) = postSolution
		{5388E668-409D-4974-83BC-F37A3477597D}.Debug|Any CPU.ActiveCfg = Debug|Any CPU
		{5388E668-409D-4974-83BC-F37A3477597D}.Debug|Any CPU.Build.0 = Debug|Any CPU
		{5388E668-409D-4974-83BC-F37A3477597D}.Release|Any CPU.ActiveCfg = Release|Any CPU
		{5388E668-409D-4974-83BC-F37A3477597D}.Release|Any CPU.Build.0 = Release|Any CPU
	EndGlobalSection
	GlobalSection(SolutionProperties) = preSolution
		HideSolutionNode = FALSE
	EndGlobalSection
	GlobalSection(ExtensibilityGlobals) = postSolution
		SolutionGuid = {AAD65B56-E456-4AE4-9723-0D9EC736691F}
	EndGlobalSection
EndGlobal
